{
  "name": "quickpaste-server",
  "version": "0.0.1",
  "lockfileVersion": 1,
  "requires": true,
  "dependencies": {
    "@types/node": {
      "version": "14.14.29",
      "resolved": "https://registry.npmjs.org/@types/node/-/node-14.14.29.tgz",
      "integrity": "sha512-z1PF7SVwqolmqu21eoWM82FPx699C2sCmrxTcCRotRn+2gt9Ve4dwmZsDntxgGyEHFHXYaqMcMMCdPKUeTKXsA==",
      "dev": true
    },
    "buffer-from": {
      "version": "1.1.1",
      "resolved": "https://registry.npmjs.org/buffer-from/-/buffer-from-1.1.1.tgz",
      "integrity": "sha512-MQcXEUbCKtEo7bhqEs6560Hyd4XaovZlO/k9V3hjVUF/zwW7KBVdSK4gIt/bzwS9MbR5qob+F5jusZsb0YQK2A=="
    },
    "husky": {
      "version": "5.0.9",
      "resolved": "https://registry.npmjs.org/husky/-/husky-5.0.9.tgz",
      "integrity": "sha512-0SjcaY21a+IRdx7p7r/X33Vc09UR2m8SbP8yfkhUX2/jAmwcz+GR7i9jXkp2pP3GfX23JhMkVP6SWwXB18uXtg=="
    },
    "nanoid": {
      "version": "3.1.20",
      "resolved": "https://registry.npmjs.org/nanoid/-/nanoid-3.1.20.tgz",
      "integrity": "sha512-a1cQNyczgKbLX9jwbS/+d7W8fX/RfgYR7lVWwWOGIPNgK2m0MWvrGF6/m4kk6U3QcFMnZf3RIhL0v2Jgh/0Uxw=="
    },
    "pretty-bytes": {
      "version": "5.5.0",
      "resolved": "https://registry.npmjs.org/pretty-bytes/-/pretty-bytes-5.5.0.tgz",
      "integrity": "sha512-p+T744ZyjjiaFlMUZZv6YPC5JrkNj8maRmPaQCWFJFplUAzpIUTRaTcS+7wmZtUoFXHtESJb23ISliaWyz3SHA=="
    },
    "source-map": {
      "version": "0.6.1",
      "resolved": "https://registry.npmjs.org/source-map/-/source-map-0.6.1.tgz",
      "integrity": "sha512-UjgapumWlbMhkBgzT7Ykc5YXUT46F0iKu8SGXq0bcwP5dz/h0Plj6enJqjz1Zbq2l5WaqYnrVbwWOWMyF3F47g=="
    },
    "source-map-support": {
      "version": "0.5.19",
      "resolved": "https://registry.npmjs.org/source-map-support/-/source-map-support-0.5.19.tgz",
      "integrity": "sha512-Wonm7zOCIJzBGQdB+thsPar0kYuCIzYvxZwlBa87yi/Mdjv7Tip2cyVbLj5o0cFPN4EVkuTwb3GDDyUx2DGnGw==",
      "requires": {
        "buffer-from": "^1.0.0",
        "source-map": "^0.6.0"
      }
    },
    "tslog": {
      "version": "3.1.1",
      "resolved": "https://registry.npmjs.org/tslog/-/tslog-3.1.1.tgz",
      "integrity": "sha512-DRsPRK/O+D8aumIMPEK+92slz5NvsJY/0evZisCxv5TQOBuBTGI20p/LYNY0Opur+wYahoXkzqW+Ugvs7ynjcQ==",
      "requires": {
        "source-map-support": "^0.5.19"
      }
    },
    "typescript": {
      "version": "4.1.5",
      "resolved": "https://registry.npmjs.org/typescript/-/typescript-4.1.5.tgz",
      "integrity": "sha512-6OSu9PTIzmn9TCDiovULTnET6BgXtDYL4Gg4szY+cGsc3JP1dQL8qvE8kShTRx1NIw4Q9IBHlwODjkjWEtMUyA=="
    }
  }
}
